
Microsoft Visual Studio Solution File, Format Version 12.00
# Visual Studio 15
VisualStudioVersion = 15.0.28307.168
MinimumVisualStudioVersion = 10.0.40219.1
Project("{FAE04EC0-301F-11D3-BF4B-00C04F79EFBC}") = "Balbarak.WeasyPrint.NetCore", "Balbarak.WeasyPrint.NetCore\Balbarak.WeasyPrint.NetCore.csproj", "{58B74DE9-BB9D-4D71-946F-7D4D8F10BB40}"
EndProject
Global
	GlobalSection(SolutionConfigurationPlatforms) = preSolution
		Debug|Any CPU = Debug|Any CPU
		Release|Any CPU = Release|Any CPU
	EndGlobalSection
	GlobalSection(ProjectConfigurationPlatforms) = postSolution
		{58B74DE9-BB9D-4D71-946F-7D4D8F10BB40}.Debug|Any CPU.ActiveCfg = Debug|Any CPU
		{58B74DE9-BB9D-4D71-946F-7D4D8F10BB40}.Debug|Any CPU.Build.0 = Debug|Any CPU
		{58B74DE9-BB9D-4D71-946F-7D4D8F10BB40}.Release|Any CPU.ActiveCfg = Release|Any CPU
		{58B74DE9-BB9D-4D71-946F-7D4D8F10BB40}.Release|Any CPU.Build.0 = Release|Any CPU
	EndGlobalSection
	GlobalSection(SolutionProperties) = preSolution
		HideSolutionNode = FALSE
	EndGlobalSection
	GlobalSection(ExtensibilityGlobals) = postSolution
		SolutionGuid = {3F925553-C10D-4799-942E-5E9D553B0A3E}
	EndGlobalSection
EndGlobal
